{
  "originHash" : "4533065bf5a3d713fa2786cb57f269e94a536d6485b9ccabc75f357416704a13",
  "pins" : [
    {
      "identity" : "heightmap",
      "kind" : "remoteSourceControl",
      "location" : "https://github.com/heckj/Heightmap",
      "state" : {
        "revision" : "1c6af9e2efdb9789d3f5051bcb10cdaf6463890d",
        "version" : "0.6.1"
      }
    },
    {
      "identity" : "realitygeometries",
      "kind" : "remoteSourceControl",
      "location" : "https://github.com/maxxfrazer/RealityGeometries",
      "state" : {
        "revision" : "e6eb54c7e9a41f2d63b5fd82300cfe4e578e1ac8",
        "version" : "1.1.2"
      }
    },
    {
      "identity" : "swift-argument-parser",
      "kind" : "remoteSourceControl",
      "location" : "https://github.com/apple/swift-argument-parser",
      "state" : {
        "revision" : "41982a3656a71c768319979febd796c6fd111d5c",
        "version" : "1.5.0"
      }
    },
    {
      "identity" : "swift-collections-benchmark",
      "kind" : "remoteSourceControl",
      "location" : "https://github.com/apple/swift-collections-benchmark",
      "state" : {
        "revision" : "e8b88af0d678eacd65da84e99ccc1f0f402e9a97",
        "version" : "0.0.3"
      }
    },
    {
      "identity" : "swift-hash",
      "kind" : "remoteSourceControl",
      "location" : "https://github.com/tayloraswift/swift-hash",
      "state" : {
        "revision" : "4d70a941b7039358f2ec8565f6c3b53c05f6c6ef",
        "version" : "0.6.3"
      }
    },
    {
      "identity" : "swift-noise",
      "kind" : "remoteSourceControl",
      "location" : "https://github.com/tayloraswift/swift-noise",
      "state" : {
        "revision" : "8e35a914d28e4123a749955de19e275488343751",
        "version" : "1.1.0"
      }
    },
    {
      "identity" : "swift-png",
      "kind" : "remoteSourceControl",
      "location" : "https://github.com/tayloraswift/swift-png",
      "state" : {
        "revision" : "aff420495467463b43d42c58b4dbb29ab74f4ccb",
        "version" : "4.4.5"
      }
    },
    {
      "identity" : "swift-snapshot-testing",
      "kind" : "remoteSourceControl",
      "location" : "https://github.com/pointfreeco/swift-snapshot-testing",
      "state" : {
        "revision" : "6d932a79e7173b275b96c600c86c603cf84f153c",
        "version" : "1.17.4"
      }
    },
    {
      "identity" : "swift-syntax",
      "kind" : "remoteSourceControl",
      "location" : "https://github.com/swiftlang/swift-syntax",
      "state" : {
        "revision" : "515f79b522918f83483068d99c68daeb5116342d",
        "version" : "600.0.0-prerelease-2024-09-04"
      }
    },
    {
      "identity" : "swift-system",
      "kind" : "remoteSourceControl",
      "location" : "https://github.com/apple/swift-system",
      "state" : {
        "revision" : "d2ba781702a1d8285419c15ee62fd734a9437ff5",
        "version" : "1.3.2"
      }
    }
  ],
  "version" : 3
}
